
Microsoft Visual Studio Solution File, Format Version 12.00
# Visual Studio Version 17
VisualStudioVersion = 17.8.34511.84
MinimumVisualStudioVersion = 10.0.40219.1
Project("{9A19103F-16F7-4668-BE54-9A1E7A4F7556}") = "TimeTracker1", "src\TimeTracker1\TimeTracker1.csproj", "{2B903322-DEE5-4182-B4E7-182D6E119077}"
EndProject
Project("{FAE04EC0-301F-11D3-BF4B-00C04F79EFBC}") = "TimeTracker1.Tests", "test\TimeTracker1.Tests\TimeTracker1.Tests.csproj", "{3E574940-2C40-4D9A-86CE-900E6C10F6E8}"
EndProject
Global
	GlobalSection(SolutionConfigurationPlatforms) = preSolution
		Debug|Any CPU = Debug|Any CPU
		Release|Any CPU = Release|Any CPU
	EndGlobalSection
	GlobalSection(ProjectConfigurationPlatforms) = postSolution
		{2B903322-DEE5-4182-B4E7-182D6E119077}.Debug|Any CPU.ActiveCfg = Debug|Any CPU
		{2B903322-DEE5-4182-B4E7-182D6E119077}.Debug|Any CPU.Build.0 = Debug|Any CPU
		{2B903322-DEE5-4182-B4E7-182D6E119077}.Release|Any CPU.ActiveCfg = Release|Any CPU
		{2B903322-DEE5-4182-B4E7-182D6E119077}.Release|Any CPU.Build.0 = Release|Any CPU
		{3E574940-2C40-4D9A-86CE-900E6C10F6E8}.Debug|Any CPU.ActiveCfg = Debug|Any CPU
		{3E574940-2C40-4D9A-86CE-900E6C10F6E8}.Debug|Any CPU.Build.0 = Debug|Any CPU
		{3E574940-2C40-4D9A-86CE-900E6C10F6E8}.Release|Any CPU.ActiveCfg = Release|Any CPU
		{3E574940-2C40-4D9A-86CE-900E6C10F6E8}.Release|Any CPU.Build.0 = Release|Any CPU
	EndGlobalSection
	GlobalSection(SolutionProperties) = preSolution
		HideSolutionNode = FALSE
	EndGlobalSection
	GlobalSection(ExtensibilityGlobals) = postSolution
		SolutionGuid = {92C54D7B-3E1F-4977-8102-4E2C7088A10B}
	EndGlobalSection
EndGlobal
